Microsoft Visual Studio Solution File, Format Version 10.00
# Visual C++ Express 2008
Project("{8BC9CEB8-8B4A-11D0-8D11-00A0C91BC942}") = "jsrl", "jsrl.vcproj", "{D40533A4-C552-4434-8378-6A4579C73BAC}"
EndProject
Project("{8BC9CEB8-8B4A-11D0-8D11-00A0C91BC942}") = "netool", "examples\netinfo.vcproj", "{A51F1502-ABFB-4C40-90E3-9E4CC09698CB}"
EndProject
Project("{8BC9CEB8-8B4A-11D0-8D11-00A0C91BC942}") = "srl", "srl.vcproj", "{D09D76A4-2286-4684-8196-41B82DF18922}"
EndProject
Project("{8BC9CEB8-8B4A-11D0-8D11-00A0C91BC942}") = "proclist", "examples\proclist.vcproj", "{83033E40-B02E-4A4E-8BD4-0D34395F37F5}"
EndProject
Project("{8BC9CEB8-8B4A-11D0-8D11-00A0C91BC942}") = "filetool", "examples\filetoo.vcproj", "{735B7621-0A2A-4288-810C-A13556860CD7}"
EndProject
Project("{8BC9CEB8-8B4A-11D0-8D11-00A0C91BC942}") = "UnitTests", "UnitTests.vcproj", "{D205EA4A-CF72-431A-B3E6-03894BBCF392}"
EndProject
Project("{8BC9CEB8-8B4A-11D0-8D11-00A0C91BC942}") = "radmin", "radmin\radmin.vcproj", "{5A96F305-9B9C-4AC3-8A7F-B6FF05F8A58B}"
EndProject
Global
	GlobalSection(SolutionConfigurationPlatforms) = preSolution
		Debug|Win32 = Debug|Win32
		Debug|Win64 = Debug|Win64
		Release|Win32 = Release|Win32
		Release|Win64 = Release|Win64
		Release64|Win32 = Release64|Win32
		Release64|Win64 = Release64|Win64
	EndGlobalSection
	GlobalSection(ProjectConfigurationPlatforms) = postSolution
		{D40533A4-C552-4434-8378-6A4579C73BAC}.Debug|Win32.ActiveCfg = Debug|Win32
		{D40533A4-C552-4434-8378-6A4579C73BAC}.Debug|Win32.Build.0 = Debug|Win32
		{D40533A4-C552-4434-8378-6A4579C73BAC}.Debug|Win64.ActiveCfg = Debug|Win32
		{D40533A4-C552-4434-8378-6A4579C73BAC}.Debug|Win64.Build.0 = Debug|Win32
		{D40533A4-C552-4434-8378-6A4579C73BAC}.Release|Win32.ActiveCfg = Release|Win32
		{D40533A4-C552-4434-8378-6A4579C73BAC}.Release|Win32.Build.0 = Release|Win32
		{D40533A4-C552-4434-8378-6A4579C73BAC}.Release|Win64.ActiveCfg = Release|Win32
		{D40533A4-C552-4434-8378-6A4579C73BAC}.Release|Win64.Build.0 = Release|Win32
		{D40533A4-C552-4434-8378-6A4579C73BAC}.Release64|Win32.ActiveCfg = Release64|Win32
		{D40533A4-C552-4434-8378-6A4579C73BAC}.Release64|Win32.Build.0 = Release64|Win32
		{D40533A4-C552-4434-8378-6A4579C73BAC}.Release64|Win64.ActiveCfg = Release64|Win32
		{D40533A4-C552-4434-8378-6A4579C73BAC}.Release64|Win64.Build.0 = Release64|Win32
		{A51F1502-ABFB-4C40-90E3-9E4CC09698CB}.Debug|Win32.ActiveCfg = Debug|Win32
		{A51F1502-ABFB-4C40-90E3-9E4CC09698CB}.Debug|Win32.Build.0 = Debug|Win32
		{A51F1502-ABFB-4C40-90E3-9E4CC09698CB}.Debug|Win64.ActiveCfg = Debug|Win32
		{A51F1502-ABFB-4C40-90E3-9E4CC09698CB}.Debug|Win64.Build.0 = Debug|Win32
		{A51F1502-ABFB-4C40-90E3-9E4CC09698CB}.Release|Win32.ActiveCfg = Release|Win32
		{A51F1502-ABFB-4C40-90E3-9E4CC09698CB}.Release|Win32.Build.0 = Release|Win32
		{A51F1502-ABFB-4C40-90E3-9E4CC09698CB}.Release|Win64.ActiveCfg = Release|Win32
		{A51F1502-ABFB-4C40-90E3-9E4CC09698CB}.Release|Win64.Build.0 = Release|Win32
		{A51F1502-ABFB-4C40-90E3-9E4CC09698CB}.Release64|Win32.ActiveCfg = Release64|Win32
		{A51F1502-ABFB-4C40-90E3-9E4CC09698CB}.Release64|Win32.Build.0 = Release64|Win32
		{A51F1502-ABFB-4C40-90E3-9E4CC09698CB}.Release64|Win64.ActiveCfg = Release64|Win32
		{D09D76A4-2286-4684-8196-41B82DF18922}.Debug|Win32.ActiveCfg = Debug|Win32
		{D09D76A4-2286-4684-8196-41B82DF18922}.Debug|Win32.Build.0 = Debug|Win32
		{D09D76A4-2286-4684-8196-41B82DF18922}.Debug|Win64.ActiveCfg = Debug|Win32
		{D09D76A4-2286-4684-8196-41B82DF18922}.Debug|Win64.Build.0 = Debug|Win32
		{D09D76A4-2286-4684-8196-41B82DF18922}.Release|Win32.ActiveCfg = Release|Win32
		{D09D76A4-2286-4684-8196-41B82DF18922}.Release|Win32.Build.0 = Release|Win32
		{D09D76A4-2286-4684-8196-41B82DF18922}.Release|Win64.ActiveCfg = Release|Win32
		{D09D76A4-2286-4684-8196-41B82DF18922}.Release|Win64.Build.0 = Release|Win32
		{D09D76A4-2286-4684-8196-41B82DF18922}.Release64|Win32.ActiveCfg = Release64|Win32
		{D09D76A4-2286-4684-8196-41B82DF18922}.Release64|Win32.Build.0 = Release64|Win32
		{D09D76A4-2286-4684-8196-41B82DF18922}.Release64|Win64.ActiveCfg = Release64|Win32
		{D09D76A4-2286-4684-8196-41B82DF18922}.Release64|Win64.Build.0 = Release64|Win32
		{83033E40-B02E-4A4E-8BD4-0D34395F37F5}.Debug|Win32.ActiveCfg = Debug|Win32
		{83033E40-B02E-4A4E-8BD4-0D34395F37F5}.Debug|Win64.ActiveCfg = Debug|Win32
		{83033E40-B02E-4A4E-8BD4-0D34395F37F5}.Release|Win32.ActiveCfg = Release|Win32
		{83033E40-B02E-4A4E-8BD4-0D34395F37F5}.Release|Win64.ActiveCfg = Release|Win32
		{83033E40-B02E-4A4E-8BD4-0D34395F37F5}.Release64|Win32.ActiveCfg = Release64|Win32
		{83033E40-B02E-4A4E-8BD4-0D34395F37F5}.Release64|Win64.ActiveCfg = Release64|Win32
		{83033E40-B02E-4A4E-8BD4-0D34395F37F5}.Release64|Win64.Build.0 = Release64|Win32
		{735B7621-0A2A-4288-810C-A13556860CD7}.Debug|Win32.ActiveCfg = Debug|Win32
		{735B7621-0A2A-4288-810C-A13556860CD7}.Debug|Win64.ActiveCfg = Debug|Win32
		{735B7621-0A2A-4288-810C-A13556860CD7}.Release|Win32.ActiveCfg = Release|Win32
		{735B7621-0A2A-4288-810C-A13556860CD7}.Release|Win64.ActiveCfg = Release|Win32
		{735B7621-0A2A-4288-810C-A13556860CD7}.Release64|Win32.ActiveCfg = Release64|Win32
		{735B7621-0A2A-4288-810C-A13556860CD7}.Release64|Win64.ActiveCfg = Release64|Win32
		{735B7621-0A2A-4288-810C-A13556860CD7}.Release64|Win64.Build.0 = Release64|Win32
		{D205EA4A-CF72-431A-B3E6-03894BBCF392}.Debug|Win32.ActiveCfg = Debug|Win32
		{D205EA4A-CF72-431A-B3E6-03894BBCF392}.Debug|Win32.Build.0 = Debug|Win32
		{D205EA4A-CF72-431A-B3E6-03894BBCF392}.Debug|Win64.ActiveCfg = Debug|Win32
		{D205EA4A-CF72-431A-B3E6-03894BBCF392}.Debug|Win64.Build.0 = Debug|Win32
		{D205EA4A-CF72-431A-B3E6-03894BBCF392}.Release|Win32.ActiveCfg = Release|Win32
		{D205EA4A-CF72-431A-B3E6-03894BBCF392}.Release|Win32.Build.0 = Release|Win32
		{D205EA4A-CF72-431A-B3E6-03894BBCF392}.Release|Win64.ActiveCfg = Release|Win32
		{D205EA4A-CF72-431A-B3E6-03894BBCF392}.Release|Win64.Build.0 = Release|Win32
		{D205EA4A-CF72-431A-B3E6-03894BBCF392}.Release64|Win32.ActiveCfg = Release64|Win32
		{D205EA4A-CF72-431A-B3E6-03894BBCF392}.Release64|Win32.Build.0 = Release64|Win32
		{D205EA4A-CF72-431A-B3E6-03894BBCF392}.Release64|Win64.ActiveCfg = Release64|Win32
		{5A96F305-9B9C-4AC3-8A7F-B6FF05F8A58B}.Debug|Win32.ActiveCfg = Debug|Win32
		{5A96F305-9B9C-4AC3-8A7F-B6FF05F8A58B}.Debug|Win32.Build.0 = Debug|Win32
		{5A96F305-9B9C-4AC3-8A7F-B6FF05F8A58B}.Debug|Win64.ActiveCfg = Debug|Win32
		{5A96F305-9B9C-4AC3-8A7F-B6FF05F8A58B}.Release|Win32.ActiveCfg = Release|Win32
		{5A96F305-9B9C-4AC3-8A7F-B6FF05F8A58B}.Release|Win32.Build.0 = Release|Win32
		{5A96F305-9B9C-4AC3-8A7F-B6FF05F8A58B}.Release|Win64.ActiveCfg = Release|Win32
		{5A96F305-9B9C-4AC3-8A7F-B6FF05F8A58B}.Release64|Win32.ActiveCfg = Release64|Win32
		{5A96F305-9B9C-4AC3-8A7F-B6FF05F8A58B}.Release64|Win32.Build.0 = Release64|Win32
		{5A96F305-9B9C-4AC3-8A7F-B6FF05F8A58B}.Release64|Win64.ActiveCfg = Release64|Win32
	EndGlobalSection
	GlobalSection(SolutionProperties) = preSolution
		HideSolutionNode = FALSE
	EndGlobalSection
EndGlobal
